
Microsoft Visual Studio Solution File, Format Version 12.00
# Visual Studio Version 16
VisualStudioVersion = 16.0.31205.134
MinimumVisualStudioVersion = 10.0.40219.1
Project("{FAE04EC0-301F-11D3-BF4B-00C04F79EFBC}") = "Revelation", "Revelation\Revelation.csproj", "{EB64E337-6EE3-4596-9184-BE8DE619E572}"
EndProject
Global
	GlobalSection(SolutionConfigurationPlatforms) = preSolution
		Debug|Any CPU = Debug|Any CPU
		Release|Any CPU = Release|Any CPU
	EndGlobalSection
	GlobalSection(ProjectConfigurationPlatforms) = postSolution
		{EB64E337-6EE3-4596-9184-BE8DE619E572}.Debug|Any CPU.ActiveCfg = Debug|Any CPU
		{EB64E337-6EE3-4596-9184-BE8DE619E572}.Debug|Any CPU.Build.0 = Debug|Any CPU
		{EB64E337-6EE3-4596-9184-BE8DE619E572}.Release|Any CPU.ActiveCfg = Release|Any CPU
		{EB64E337-6EE3-4596-9184-BE8DE619E572}.Release|Any CPU.Build.0 = Release|Any CPU
	EndGlobalSection
	GlobalSection(SolutionProperties) = preSolution
		HideSolutionNode = FALSE
	EndGlobalSection
	GlobalSection(ExtensibilityGlobals) = postSolution
		SolutionGuid = {ABBB36DF-9A87-47F3-8E58-CF0DAE166DE0}
	EndGlobalSection
EndGlobal
